{
  "version": 1,
  "dependencies": {
    "net6.0": {
      "SonarAnalyzer.CSharp": {
        "type": "Direct",
        "requested": "[8.38.0.46746, )",
        "resolved": "8.38.0.46746",
        "contentHash": "5y/P1+TTqjJRhKWeXLpVt5VFUXYuhS38V/f48gHloK6g84KyCEmbGNIyg6sQlQmS0gg6AiOvOkiC372soFkyXg=="
      }
    }
  }
}